
Microsoft Visual Studio Solution File, Format Version 12.00
# Visual Studio 15
VisualStudioVersion = 15.0.28307.1622
MinimumVisualStudioVersion = 10.0.40219.1
Project("{FAE04EC0-301F-11D3-BF4B-00C04F79EFBC}") = "Bankomat", "Bank-O-Mat2.0\Bankomat.csproj", "{C3C5147F-4978-4FD3-9EA6-73B405D97014}"
EndProject
Project("{FAE04EC0-301F-11D3-BF4B-00C04F79EFBC}") = "BankOMatTests", "BankOMatTests\BankOMatTests.csproj", "{91974263-CAFB-41AA-B5C4-344C0082621D}"
EndProject
Project("{FAE04EC0-301F-11D3-BF4B-00C04F79EFBC}") = "BankUI", "BankUI\BankUI.csproj", "{501CA88B-32B7-4403-A34F-293557497C38}"
EndProject
Project("{FAE04EC0-301F-11D3-BF4B-00C04F79EFBC}") = "Domain", "Domain\Domain.csproj", "{81A6D9AB-E81A-4314-A28B-008BE4288CAF}"
EndProject
Project("{FAE04EC0-301F-11D3-BF4B-00C04F79EFBC}") = "DataStorage.Abstractions", "DataStorage.Abstractions\DataStorage.Abstractions.csproj", "{179D087B-6838-4EFB-B56F-58AA0CB2D5F8}"
EndProject
Project("{FAE04EC0-301F-11D3-BF4B-00C04F79EFBC}") = "DataStorage.SQLite", "DataStorage.SQLite\DataStorage.SQLite.csproj", "{2C5627C3-0DE1-4C30-8AE5-9B948E9FEEA0}"
EndProject
Project("{FAE04EC0-301F-11D3-BF4B-00C04F79EFBC}") = "StaticProxy.Abstractions", "StaticProxy.Abstractions\StaticProxy.Abstractions.csproj", "{C0B352F6-54E0-4911-97AB-27A54ADBBA26}"
EndProject
Project("{FAE04EC0-301F-11D3-BF4B-00C04F79EFBC}") = "StaticProxy.SystemIo", "StaticProxy.SystemIo\StaticProxy.SystemIo.csproj", "{E71ED05D-6F5A-40C8-9F17-EB9D17727934}"
EndProject
Project("{FAE04EC0-301F-11D3-BF4B-00C04F79EFBC}") = "StaticProxy", "StaticProxy\StaticProxy.csproj", "{A002A384-27D2-457F-80CB-D95FDB195152}"
EndProject
Project("{FAE04EC0-301F-11D3-BF4B-00C04F79EFBC}") = "DataStorage.FileSystem", "DataStorage.FileSystem\DataStorage.FileSystem.csproj", "{9F2EF366-18D8-4299-AA03-BF5269D7143A}"
EndProject
Project("{FAE04EC0-301F-11D3-BF4B-00C04F79EFBC}") = "Bankomat.Abstractions", "Bankomat.Abstractions\Bankomat.Abstractions.csproj", "{B8850A82-CECA-4E91-95C2-5D8094597176}"
EndProject
Project("{FAE04EC0-301F-11D3-BF4B-00C04F79EFBC}") = "DataStorage.InMemory", "DataStorage.InMemory\DataStorage.InMemory.csproj", "{D2669AF4-407F-44E8-A53D-7FD558F78180}"
EndProject
Project("{2150E333-8FDC-42A3-9474-1A3956D46DE8}") = "1_Daten", "1_Daten", "{B1EFF4BE-FD12-4ADD-8801-9B21ACEB8055}"
EndProject
Project("{2150E333-8FDC-42A3-9474-1A3956D46DE8}") = "X_Infrastructure", "X_Infrastructure", "{F8C15A64-B6B7-4987-9EC9-A05A2F55CCB4}"
EndProject
Project("{2150E333-8FDC-42A3-9474-1A3956D46DE8}") = "2_Logik", "2_Logik", "{0974773A-946C-4995-B468-357CE9FA757D}"
EndProject
Project("{2150E333-8FDC-42A3-9474-1A3956D46DE8}") = "3_UI", "3_UI", "{03B3FF35-2D94-4915-8084-A4A992B49B99}"
EndProject
Project("{2150E333-8FDC-42A3-9474-1A3956D46DE8}") = "0_Test", "0_Test", "{A2641458-11A8-4412-A14D-97D36109337D}"
EndProject
Global
	GlobalSection(SolutionConfigurationPlatforms) = preSolution
		Debug|Any CPU = Debug|Any CPU
		Release|Any CPU = Release|Any CPU
	EndGlobalSection
	GlobalSection(ProjectConfigurationPlatforms) = postSolution
		{C3C5147F-4978-4FD3-9EA6-73B405D97014}.Debug|Any CPU.ActiveCfg = Debug|Any CPU
		{C3C5147F-4978-4FD3-9EA6-73B405D97014}.Debug|Any CPU.Build.0 = Debug|Any CPU
		{C3C5147F-4978-4FD3-9EA6-73B405D97014}.Release|Any CPU.ActiveCfg = Release|Any CPU
		{C3C5147F-4978-4FD3-9EA6-73B405D97014}.Release|Any CPU.Build.0 = Release|Any CPU
		{91974263-CAFB-41AA-B5C4-344C0082621D}.Debug|Any CPU.ActiveCfg = Debug|Any CPU
		{91974263-CAFB-41AA-B5C4-344C0082621D}.Debug|Any CPU.Build.0 = Debug|Any CPU
		{91974263-CAFB-41AA-B5C4-344C0082621D}.Release|Any CPU.ActiveCfg = Release|Any CPU
		{91974263-CAFB-41AA-B5C4-344C0082621D}.Release|Any CPU.Build.0 = Release|Any CPU
		{501CA88B-32B7-4403-A34F-293557497C38}.Debug|Any CPU.ActiveCfg = Debug|Any CPU
		{501CA88B-32B7-4403-A34F-293557497C38}.Debug|Any CPU.Build.0 = Debug|Any CPU
		{501CA88B-32B7-4403-A34F-293557497C38}.Release|Any CPU.ActiveCfg = Release|Any CPU
		{501CA88B-32B7-4403-A34F-293557497C38}.Release|Any CPU.Build.0 = Release|Any CPU
		{81A6D9AB-E81A-4314-A28B-008BE4288CAF}.Debug|Any CPU.ActiveCfg = Debug|Any CPU
		{81A6D9AB-E81A-4314-A28B-008BE4288CAF}.Debug|Any CPU.Build.0 = Debug|Any CPU
		{81A6D9AB-E81A-4314-A28B-008BE4288CAF}.Release|Any CPU.ActiveCfg = Release|Any CPU
		{81A6D9AB-E81A-4314-A28B-008BE4288CAF}.Release|Any CPU.Build.0 = Release|Any CPU
		{179D087B-6838-4EFB-B56F-58AA0CB2D5F8}.Debug|Any CPU.ActiveCfg = Debug|Any CPU
		{179D087B-6838-4EFB-B56F-58AA0CB2D5F8}.Debug|Any CPU.Build.0 = Debug|Any CPU
		{179D087B-6838-4EFB-B56F-58AA0CB2D5F8}.Release|Any CPU.ActiveCfg = Release|Any CPU
		{179D087B-6838-4EFB-B56F-58AA0CB2D5F8}.Release|Any CPU.Build.0 = Release|Any CPU
		{2C5627C3-0DE1-4C30-8AE5-9B948E9FEEA0}.Debug|Any CPU.ActiveCfg = Debug|Any CPU
		{2C5627C3-0DE1-4C30-8AE5-9B948E9FEEA0}.Debug|Any CPU.Build.0 = Debug|Any CPU
		{2C5627C3-0DE1-4C30-8AE5-9B948E9FEEA0}.Release|Any CPU.ActiveCfg = Release|Any CPU
		{2C5627C3-0DE1-4C30-8AE5-9B948E9FEEA0}.Release|Any CPU.Build.0 = Release|Any CPU
		{C0B352F6-54E0-4911-97AB-27A54ADBBA26}.Debug|Any CPU.ActiveCfg = Debug|Any CPU
		{C0B352F6-54E0-4911-97AB-27A54ADBBA26}.Debug|Any CPU.Build.0 = Debug|Any CPU
		{C0B352F6-54E0-4911-97AB-27A54ADBBA26}.Release|Any CPU.ActiveCfg = Release|Any CPU
		{C0B352F6-54E0-4911-97AB-27A54ADBBA26}.Release|Any CPU.Build.0 = Release|Any CPU
		{E71ED05D-6F5A-40C8-9F17-EB9D17727934}.Debug|Any CPU.ActiveCfg = Debug|Any CPU
		{E71ED05D-6F5A-40C8-9F17-EB9D17727934}.Debug|Any CPU.Build.0 = Debug|Any CPU
		{E71ED05D-6F5A-40C8-9F17-EB9D17727934}.Release|Any CPU.ActiveCfg = Release|Any CPU
		{E71ED05D-6F5A-40C8-9F17-EB9D17727934}.Release|Any CPU.Build.0 = Release|Any CPU
		{A002A384-27D2-457F-80CB-D95FDB195152}.Debug|Any CPU.ActiveCfg = Debug|Any CPU
		{A002A384-27D2-457F-80CB-D95FDB195152}.Debug|Any CPU.Build.0 = Debug|Any CPU
		{A002A384-27D2-457F-80CB-D95FDB195152}.Release|Any CPU.ActiveCfg = Release|Any CPU
		{A002A384-27D2-457F-80CB-D95FDB195152}.Release|Any CPU.Build.0 = Release|Any CPU
		{9F2EF366-18D8-4299-AA03-BF5269D7143A}.Debug|Any CPU.ActiveCfg = Debug|Any CPU
		{9F2EF366-18D8-4299-AA03-BF5269D7143A}.Debug|Any CPU.Build.0 = Debug|Any CPU
		{9F2EF366-18D8-4299-AA03-BF5269D7143A}.Release|Any CPU.ActiveCfg = Release|Any CPU
		{9F2EF366-18D8-4299-AA03-BF5269D7143A}.Release|Any CPU.Build.0 = Release|Any CPU
		{B8850A82-CECA-4E91-95C2-5D8094597176}.Debug|Any CPU.ActiveCfg = Debug|Any CPU
		{B8850A82-CECA-4E91-95C2-5D8094597176}.Debug|Any CPU.Build.0 = Debug|Any CPU
		{B8850A82-CECA-4E91-95C2-5D8094597176}.Release|Any CPU.ActiveCfg = Release|Any CPU
		{B8850A82-CECA-4E91-95C2-5D8094597176}.Release|Any CPU.Build.0 = Release|Any CPU
		{D2669AF4-407F-44E8-A53D-7FD558F78180}.Debug|Any CPU.ActiveCfg = Debug|Any CPU
		{D2669AF4-407F-44E8-A53D-7FD558F78180}.Debug|Any CPU.Build.0 = Debug|Any CPU
		{D2669AF4-407F-44E8-A53D-7FD558F78180}.Release|Any CPU.ActiveCfg = Release|Any CPU
		{D2669AF4-407F-44E8-A53D-7FD558F78180}.Release|Any CPU.Build.0 = Release|Any CPU
	EndGlobalSection
	GlobalSection(SolutionProperties) = preSolution
		HideSolutionNode = FALSE
	EndGlobalSection
	GlobalSection(NestedProjects) = preSolution
		{C3C5147F-4978-4FD3-9EA6-73B405D97014} = {0974773A-946C-4995-B468-357CE9FA757D}
		{91974263-CAFB-41AA-B5C4-344C0082621D} = {A2641458-11A8-4412-A14D-97D36109337D}
		{501CA88B-32B7-4403-A34F-293557497C38} = {03B3FF35-2D94-4915-8084-A4A992B49B99}
		{81A6D9AB-E81A-4314-A28B-008BE4288CAF} = {F8C15A64-B6B7-4987-9EC9-A05A2F55CCB4}
		{179D087B-6838-4EFB-B56F-58AA0CB2D5F8} = {B1EFF4BE-FD12-4ADD-8801-9B21ACEB8055}
		{2C5627C3-0DE1-4C30-8AE5-9B948E9FEEA0} = {B1EFF4BE-FD12-4ADD-8801-9B21ACEB8055}
		{C0B352F6-54E0-4911-97AB-27A54ADBBA26} = {F8C15A64-B6B7-4987-9EC9-A05A2F55CCB4}
		{E71ED05D-6F5A-40C8-9F17-EB9D17727934} = {F8C15A64-B6B7-4987-9EC9-A05A2F55CCB4}
		{A002A384-27D2-457F-80CB-D95FDB195152} = {F8C15A64-B6B7-4987-9EC9-A05A2F55CCB4}
		{9F2EF366-18D8-4299-AA03-BF5269D7143A} = {B1EFF4BE-FD12-4ADD-8801-9B21ACEB8055}
		{B8850A82-CECA-4E91-95C2-5D8094597176} = {0974773A-946C-4995-B468-357CE9FA757D}
		{D2669AF4-407F-44E8-A53D-7FD558F78180} = {B1EFF4BE-FD12-4ADD-8801-9B21ACEB8055}
	EndGlobalSection
	GlobalSection(ExtensibilityGlobals) = postSolution
		SolutionGuid = {F924836B-1EC7-4D3C-9950-0A1289806424}
	EndGlobalSection
EndGlobal
